// !$*UTF8*$!
{
	archiveVersion = 1;
	classes = {
	};
	objectVersion = 46;
	objects = {

/* Begin PBXBuildFile section */
		3DBBD1E11BC1F51200CBAF2C /* Main.storyboard in Resources */ = {isa = PBXBuildFile; fileRef = 3DBBD1DF1BC1F51200CBAF2C /* Main.storyboard */; };
		3DBBD1E31BC1F51200CBAF2C /* Assets.xcassets in Resources */ = {isa = PBXBuildFile; fileRef = 3DBBD1E21BC1F51200CBAF2C /* Assets.xcassets */; };
		3DBBD1E61BC1F51200CBAF2C /* LaunchScreen.storyboard in Resources */ = {isa = PBXBuildFile; fileRef = 3DBBD1E41BC1F51200CBAF2C /* LaunchScreen.storyboard */; };
		3DBBD1F11BC1F51200CBAF2C /* NFL_Superbowl_PicksTests.swift in Sources */ = {isa = PBXBuildFile; fileRef = 3DBBD1F01BC1F51200CBAF2C /* NFL_Superbowl_PicksTests.swift */; };
		3DBBD1FC1BC1F51200CBAF2C /* NFL_Superbowl_PicksUITests.swift in Sources */ = {isa = PBXBuildFile; fileRef = 3DBBD1FB1BC1F51200CBAF2C /* NFL_Superbowl_PicksUITests.swift */; };
		3DBBD20A1BC1F7BD00CBAF2C /* AppDelegate.swift in Sources */ = {isa = PBXBuildFile; fileRef = 3DBBD2091BC1F7BD00CBAF2C /* AppDelegate.swift */; settings = {ASSET_TAGS = (); }; };
		3DBBD20F1BC1F7C800CBAF2C /* SignUpViewController.swift in Sources */ = {isa = PBXBuildFile; fileRef = 3DBBD20B1BC1F7C800CBAF2C /* SignUpViewController.swift */; settings = {ASSET_TAGS = (); }; };
		3DBBD2101BC1F7C800CBAF2C /* NFCPicksViewController.swift in Sources */ = {isa = PBXBuildFile; fileRef = 3DBBD20C1BC1F7C800CBAF2C /* NFCPicksViewController.swift */; settings = {ASSET_TAGS = (); }; };
		3DBBD2111BC1F7C800CBAF2C /* AFCPicksViewController.swift in Sources */ = {isa = PBXBuildFile; fileRef = 3DBBD20D1BC1F7C800CBAF2C /* AFCPicksViewController.swift */; settings = {ASSET_TAGS = (); }; };
		3DBBD2121BC1F7C800CBAF2C /* NFLPicks.swift in Sources */ = {isa = PBXBuildFile; fileRef = 3DBBD20E1BC1F7C800CBAF2C /* NFLPicks.swift */; settings = {ASSET_TAGS = (); }; };
		3DBBD2141BC1F7DF00CBAF2C /* KDCircularProgress.swift in Sources */ = {isa = PBXBuildFile; fileRef = 3DBBD2131BC1F7DF00CBAF2C /* KDCircularProgress.swift */; settings = {ASSET_TAGS = (); }; };
/* End PBXBuildFile section */

/* Begin PBXContainerItemProxy section */
		3DBBD1ED1BC1F51200CBAF2C /* PBXContainerItemProxy */ = {
			isa = PBXContainerItemProxy;
			containerPortal = 3DBBD1D01BC1F51200CBAF2C /* Project object */;
			proxyType = 1;
			remoteGlobalIDString = 3DBBD1D71BC1F51200CBAF2C;
			remoteInfo = "NFL Superbowl Picks";
		};
		3DBBD1F81BC1F51200CBAF2C /* PBXContainerItemProxy */ = {
			isa = PBXContainerItemProxy;
			containerPortal = 3DBBD1D01BC1F51200CBAF2C /* Project object */;
			proxyType = 1;
			remoteGlobalIDString = 3DBBD1D71BC1F51200CBAF2C;
			remoteInfo = "NFL Superbowl Picks";
		};
/* End PBXContainerItemProxy section */

/* Begin PBXFileReference section */
		3DBBD1D81BC1F51200CBAF2C /* NFL Superbowl Picks.app */ = {isa = PBXFileReference; explicitFileType = wrapper.application; includeInIndex = 0; path = "NFL Superbowl Picks.app"; sourceTree = BUILT_PRODUCTS_DIR; };
		3DBBD1E01BC1F51200CBAF2C /* Base */ = {isa = PBXFileReference; lastKnownFileType = file.storyboard; name = Base; path = Base.lproj/Main.storyboard; sourceTree = "<group>"; };
		3DBBD1E21BC1F51200CBAF2C /* Assets.xcassets */ = {isa = PBXFileReference; lastKnownFileType = folder.assetcatalog; path = Assets.xcassets; sourceTree = "<group>"; };
		3DBBD1E51BC1F51200CBAF2C /* Base */ = {isa = PBXFileReference; lastKnownFileType = file.storyboard; name = Base; path = Base.lproj/LaunchScreen.storyboard; sourceTree = "<group>"; };
		3DBBD1E71BC1F51200CBAF2C /* Info.plist */ = {isa = PBXFileReference; lastKnownFileType = text.plist.xml; path = Info.plist; sourceTree = "<group>"; };
		3DBBD1EC1BC1F51200CBAF2C /* NFL Superbowl PicksTests.xctest */ = {isa = PBXFileReference; explicitFileType = wrapper.cfbundle; includeInIndex = 0; path = "NFL Superbowl PicksTests.xctest"; sourceTree = BUILT_PRODUCTS_DIR; };
		3DBBD1F01BC1F51200CBAF2C /* NFL_Superbowl_PicksTests.swift */ = {isa = PBXFileReference; lastKnownFileType = sourcecode.swift; path = NFL_Superbowl_PicksTests.swift; sourceTree = "<group>"; };
		3DBBD1F21BC1F51200CBAF2C /* Info.plist */ = {isa = PBXFileReference; lastKnownFileType = text.plist.xml; path = Info.plist; sourceTree = "<group>"; };
		3DBBD1F71BC1F51200CBAF2C /* NFL Superbowl PicksUITests.xctest */ = {isa = PBXFileReference; explicitFileType = wrapper.cfbundle; includeInIndex = 0; path = "NFL Superbowl PicksUITests.xctest"; sourceTree = BUILT_PRODUCTS_DIR; };
		3DBBD1FB1BC1F51200CBAF2C /* NFL_Superbowl_PicksUITests.swift */ = {isa = PBXFileReference; lastKnownFileType = sourcecode.swift; path = NFL_Superbowl_PicksUITests.swift; sourceTree = "<group>"; };
		3DBBD1FD1BC1F51200CBAF2C /* Info.plist */ = {isa = PBXFileReference; lastKnownFileType = text.plist.xml; path = Info.plist; sourceTree = "<group>"; };
		3DBBD2091BC1F7BD00CBAF2C /* AppDelegate.swift */ = {isa = PBXFileReference; fileEncoding = 4; lastKnownFileType = sourcecode.swift; path = AppDelegate.swift; sourceTree = "<group>"; };
		3DBBD20B1BC1F7C800CBAF2C /* SignUpViewController.swift */ = {isa = PBXFileReference; fileEncoding = 4; lastKnownFileType = sourcecode.swift; path = SignUpViewController.swift; sourceTree = "<group>"; };
		3DBBD20C1BC1F7C800CBAF2C /* NFCPicksViewController.swift */ = {isa = PBXFileReference; fileEncoding = 4; lastKnownFileType = sourcecode.swift; path = NFCPicksViewController.swift; sourceTree = "<group>"; };
		3DBBD20D1BC1F7C800CBAF2C /* AFCPicksViewController.swift */ = {isa = PBXFileReference; fileEncoding = 4; lastKnownFileType = sourcecode.swift; path = AFCPicksViewController.swift; sourceTree = "<group>"; };
		3DBBD20E1BC1F7C800CBAF2C /* NFLPicks.swift */ = {isa = PBXFileReference; fileEncoding = 4; lastKnownFileType = sourcecode.swift; path = NFLPicks.swift; sourceTree = "<group>"; };
		3DBBD2131BC1F7DF00CBAF2C /* KDCircularProgress.swift */ = {isa = PBXFileReference; fileEncoding = 4; lastKnownFileType = sourcecode.swift; path = KDCircularProgress.swift; sourceTree = "<group>"; };
/* End PBXFileReference section */

/* Begin PBXFrameworksBuildPhase section */
		3DBBD1D51BC1F51200CBAF2C /* Frameworks */ = {
			isa = PBXFrameworksBuildPhase;
			buildActionMask = 2147483647;
			files = (
			);
			runOnlyForDeploymentPostprocessing = 0;
		};
		3DBBD1E91BC1F51200CBAF2C /* Frameworks */ = {
			isa = PBXFrameworksBuildPhase;
			buildActionMask = 2147483647;
			files = (
			);
			runOnlyForDeploymentPostprocessing = 0;
		};
		3DBBD1F41BC1F51200CBAF2C /* Frameworks */ = {
			isa = PBXFrameworksBuildPhase;
			buildActionMask = 2147483647;
			files = (
			);
			runOnlyForDeploymentPostprocessing = 0;
		};
/* End PBXFrameworksBuildPhase section */

/* Begin PBXGroup section */
		3DBBD1CF1BC1F51200CBAF2C = {
			isa = PBXGroup;
			children = (
				3DBBD1DA1BC1F51200CBAF2C /* NFL Superbowl Picks */,
				3DBBD1EF1BC1F51200CBAF2C /* NFL Superbowl PicksTests */,
				3DBBD1FA1BC1F51200CBAF2C /* NFL Superbowl PicksUITests */,
				3DBBD1D91BC1F51200CBAF2C /* Products */,
			);
			sourceTree = "<group>";
		};
		3DBBD1D91BC1F51200CBAF2C /* Products */ = {
			isa = PBXGroup;
			children = (
				3DBBD1D81BC1F51200CBAF2C /* NFL Superbowl Picks.app */,
				3DBBD1EC1BC1F51200CBAF2C /* NFL Superbowl PicksTests.xctest */,
				3DBBD1F71BC1F51200CBAF2C /* NFL Superbowl PicksUITests.xctest */,
			);
			name = Products;
			sourceTree = "<group>";
		};
		3DBBD1DA1BC1F51200CBAF2C /* NFL Superbowl Picks */ = {
			isa = PBXGroup;
			children = (
				3DBBD2091BC1F7BD00CBAF2C /* AppDelegate.swift */,
				3DBBD20B1BC1F7C800CBAF2C /* SignUpViewController.swift */,
				3DBBD20C1BC1F7C800CBAF2C /* NFCPicksViewController.swift */,
				3DBBD20D1BC1F7C800CBAF2C /* AFCPicksViewController.swift */,
				3DBBD20E1BC1F7C800CBAF2C /* NFLPicks.swift */,
				3DBBD2131BC1F7DF00CBAF2C /* KDCircularProgress.swift */,
				3DBBD1DF1BC1F51200CBAF2C /* Main.storyboard */,
				3DBBD1E21BC1F51200CBAF2C /* Assets.xcassets */,
				3DBBD1E41BC1F51200CBAF2C /* LaunchScreen.storyboard */,
				3DBBD1E71BC1F51200CBAF2C /* Info.plist */,
			);
			path = "NFL Superbowl Picks";
			sourceTree = "<group>";
		};
		3DBBD1EF1BC1F51200CBAF2C /* NFL Superbowl PicksTests */ = {
			isa = PBXGroup;
			children = (
				3DBBD1F01BC1F51200CBAF2C /* NFL_Superbowl_PicksTests.swift */,
				3DBBD1F21BC1F51200CBAF2C /* Info.plist */,
			);
			path = "NFL Superbowl PicksTests";
			sourceTree = "<group>";
		};
		3DBBD1FA1BC1F51200CBAF2C /* NFL Superbowl PicksUITests */ = {
			isa = PBXGroup;
			children = (
				3DBBD1FB1BC1F51200CBAF2C /* NFL_Superbowl_PicksUITests.swift */,
				3DBBD1FD1BC1F51200CBAF2C /* Info.plist */,
			);
			path = "NFL Superbowl PicksUITests";
			sourceTree = "<group>";
		};
/* End PBXGroup section */

/* Begin PBXNativeTarget section */
		3DBBD1D71BC1F51200CBAF2C /* NFL Superbowl Picks */ = {
			isa = PBXNativeTarget;
			buildConfigurationList = 3DBBD2001BC1F51200CBAF2C /* Build configuration list for PBXNativeTarget "NFL Superbowl Picks" */;
			buildPhases = (
				3DBBD1D41BC1F51200CBAF2C /* Sources */,
				3DBBD1D51BC1F51200CBAF2C /* Frameworks */,
				3DBBD1D61BC1F51200CBAF2C /* Resources */,
			);
			buildRules = (
			);
			dependencies = (
			);
			name = "NFL Superbowl Picks";
			productName = "NFL Superbowl Picks";
			productReference = 3DBBD1D81BC1F51200CBAF2C /* NFL Superbowl Picks.app */;
			productType = "com.apple.product-type.application";
		};
		3DBBD1EB1BC1F51200CBAF2C /* NFL Superbowl PicksTests */ = {
			isa = PBXNativeTarget;
			buildConfigurationList = 3DBBD2031BC1F51200CBAF2C /* Build configuration list for PBXNativeTarget "NFL Superbowl PicksTests" */;
			buildPhases = (
				3DBBD1E81BC1F51200CBAF2C /* Sources */,
				3DBBD1E91BC1F51200CBAF2C /* Frameworks */,
				3DBBD1EA1BC1F51200CBAF2C /* Resources */,
			);
			buildRules = (
			);
			dependencies = (
				3DBBD1EE1BC1F51200CBAF2C /* PBXTargetDependency */,
			);
			name = "NFL Superbowl PicksTests";
			productName = "NFL Superbowl PicksTests";
			productReference = 3DBBD1EC1BC1F51200CBAF2C /* NFL Superbowl PicksTests.xctest */;
			productType = "com.apple.product-type.bundle.unit-test";
		};
		3DBBD1F61BC1F51200CBAF2C /* NFL Superbowl PicksUITests */ = {
			isa = PBXNativeTarget;
			buildConfigurationList = 3DBBD2061BC1F51200CBAF2C /* Build configuration list for PBXNativeTarget "NFL Superbowl PicksUITests" */;
			buildPhases = (
				3DBBD1F31BC1F51200CBAF2C /* Sources */,
				3DBBD1F41BC1F51200CBAF2C /* Frameworks */,
				3DBBD1F51BC1F51200CBAF2C /* Resources */,
			);
			buildRules = (
			);
			dependencies = (
				3DBBD1F91BC1F51200CBAF2C /* PBXTargetDependency */,
			);
			name = "NFL Superbowl PicksUITests";
			productName = "NFL Superbowl PicksUITests";
			productReference = 3DBBD1F71BC1F51200CBAF2C /* NFL Superbowl PicksUITests.xctest */;
			productType = "com.apple.product-type.bundle.ui-testing";
		};
/* End PBXNativeTarget section */

/* Begin PBXProject section */
		3DBBD1D01BC1F51200CBAF2C /* Project object */ = {
			isa = PBXProject;
			attributes = {
				LastSwiftUpdateCheck = 0700;
				LastUpgradeCheck = 0700;
				ORGANIZATIONNAME = "William Judd";
				TargetAttributes = {
					3DBBD1D71BC1F51200CBAF2C = {
						CreatedOnToolsVersion = 7.0;
					};
					3DBBD1EB1BC1F51200CBAF2C = {
						CreatedOnToolsVersion = 7.0;
						TestTargetID = 3DBBD1D71BC1F51200CBAF2C;
					};
					3DBBD1F61BC1F51200CBAF2C = {
						CreatedOnToolsVersion = 7.0;
						TestTargetID = 3DBBD1D71BC1F51200CBAF2C;
					};
				};
			};
			buildConfigurationList = 3DBBD1D31BC1F51200CBAF2C /* Build configuration list for PBXProject "NFL Superbowl Picks" */;
			compatibilityVersion = "Xcode 3.2";
			developmentRegion = English;
			hasScannedForEncodings = 0;
			knownRegions = (
				en,
				Base,
			);
			mainGroup = 3DBBD1CF1BC1F51200CBAF2C;
			productRefGroup = 3DBBD1D91BC1F51200CBAF2C /* Products */;
			projectDirPath = "";
			projectRoot = "";
			targets = (
				3DBBD1D71BC1F51200CBAF2C /* NFL Superbowl Picks */,
				3DBBD1EB1BC1F51200CBAF2C /* NFL Superbowl PicksTests */,
				3DBBD1F61BC1F51200CBAF2C /* NFL Superbowl PicksUITests */,
			);
		};
/* End PBXProject section */

/* Begin PBXResourcesBuildPhase section */
		3DBBD1D61BC1F51200CBAF2C /* Resources */ = {
			isa = PBXResourcesBuildPhase;
			buildActionMask = 2147483647;
			files = (
				3DBBD1E61BC1F51200CBAF2C /* LaunchScreen.storyboard in Resources */,
				3DBBD1E31BC1F51200CBAF2C /* Assets.xcassets in Resources */,
				3DBBD1E11BC1F51200CBAF2C /* Main.storyboard in Resources */,
			);
			runOnlyForDeploymentPostprocessing = 0;
		};
		3DBBD1EA1BC1F51200CBAF2C /* Resources */ = {
			isa = PBXResourcesBuildPhase;
			buildActionMask = 2147483647;
			files = (
			);
			runOnlyForDeploymentPostprocessing = 0;
		};
		3DBBD1F51BC1F51200CBAF2C /* Resources */ = {
			isa = PBXResourcesBuildPhase;
			buildActionMask = 2147483647;
			files = (
			);
			runOnlyForDeploymentPostprocessing = 0;
		};
/* End PBXResourcesBuildPhase section */

/* Begin PBXSourcesBuildPhase section */
		3DBBD1D41BC1F51200CBAF2C /* Sources */ = {
			isa = PBXSourcesBuildPhase;
			buildActionMask = 2147483647;
			files = (
				3DBBD2141BC1F7DF00CBAF2C /* KDCircularProgress.swift in Sources */,
				3DBBD2121BC1F7C800CBAF2C /* NFLPicks.swift in Sources */,
				3DBBD20F1BC1F7C800CBAF2C /* SignUpViewController.swift in Sources */,
				3DBBD2101BC1F7C800CBAF2C /* NFCPicksViewController.swift in Sources */,
				3DBBD2111BC1F7C800CBAF2C /* AFCPicksViewController.swift in Sources */,
				3DBBD20A1BC1F7BD00CBAF2C /* AppDelegate.swift in Sources */,
			);
			runOnlyForDeploymentPostprocessing = 0;
		};
		3DBBD1E81BC1F51200CBAF2C /* Sources */ = {
			isa = PBXSourcesBuildPhase;
			buildActionMask = 2147483647;
			files = (
				3DBBD1F11BC1F51200CBAF2C /* NFL_Superbowl_PicksTests.swift in Sources */,
			);
			runOnlyForDeploymentPostprocessing = 0;
		};
		3DBBD1F31BC1F51200CBAF2C /* Sources */ = {
			isa = PBXSourcesBuildPhase;
			buildActionMask = 2147483647;
			files = (
				3DBBD1FC1BC1F51200CBAF2C /* NFL_Superbowl_PicksUITests.swift in Sources */,
			);
			runOnlyForDeploymentPostprocessing = 0;
		};
/* End PBXSourcesBuildPhase section */

/* Begin PBXTargetDependency section */
		3DBBD1EE1BC1F51200CBAF2C /* PBXTargetDependency */ = {
			isa = PBXTargetDependency;
			target = 3DBBD1D71BC1F51200CBAF2C /* NFL Superbowl Picks */;
			targetProxy = 3DBBD1ED1BC1F51200CBAF2C /* PBXContainerItemProxy */;
		};
		3DBBD1F91BC1F51200CBAF2C /* PBXTargetDependency */ = {
			isa = PBXTargetDependency;
			target = 3DBBD1D71BC1F51200CBAF2C /* NFL Superbowl Picks */;
			targetProxy = 3DBBD1F81BC1F51200CBAF2C /* PBXContainerItemProxy */;
		};
/* End PBXTargetDependency section */

/* Begin PBXVariantGroup section */
		3DBBD1DF1BC1F51200CBAF2C /* Main.storyboard */ = {
			isa = PBXVariantGroup;
			children = (
				3DBBD1E01BC1F51200CBAF2C /* Base */,
			);
			name = Main.storyboard;
			sourceTree = "<group>";
		};
		3DBBD1E41BC1F51200CBAF2C /* LaunchScreen.storyboard */ = {
			isa = PBXVariantGroup;
			children = (
				3DBBD1E51BC1F51200CBAF2C /* Base */,
			);
			name = LaunchScreen.storyboard;
			sourceTree = "<group>";
		};
/* End PBXVariantGroup section */

/* Begin XCBuildConfiguration section */
		3DBBD1FE1BC1F51200CBAF2C /* Debug */ = {
			isa = XCBuildConfiguration;
			buildSettings = {
				ALWAYS_SEARCH_USER_PATHS = NO;
				CLANG_CXX_LANGUAGE_STANDARD = "gnu++0x";
				CLANG_CXX_LIBRARY = "libc++";
				CLANG_ENABLE_MODULES = YES;
				CLANG_ENABLE_OBJC_ARC = YES;
				CLANG_WARN_BOOL_CONVERSION = YES;
				CLANG_WARN_CONSTANT_CONVERSION = YES;
				CLANG_WARN_DIRECT_OBJC_ISA_USAGE = YES_ERROR;
				CLANG_WARN_EMPTY_BODY = YES;
				CLANG_WARN_ENUM_CONVERSION = YES;
				CLANG_WARN_INT_CONVERSION = YES;
				CLANG_WARN_OBJC_ROOT_CLASS = YES_ERROR;
				CLANG_WARN_UNREACHABLE_CODE = YES;
				CLANG_WARN__DUPLICATE_METHOD_MATCH = YES;
				"CODE_SIGN_IDENTITY[sdk=iphoneos*]" = "iPhone Developer";
				COPY_PHASE_STRIP = NO;
				DEBUG_INFORMATION_FORMAT = dwarf;
				ENABLE_STRICT_OBJC_MSGSEND = YES;
				ENABLE_TESTABILITY = YES;
				GCC_C_LANGUAGE_STANDARD = gnu99;
				GCC_DYNAMIC_NO_PIC = NO;
				GCC_NO_COMMON_BLOCKS = YES;
				GCC_OPTIMIZATION_LEVEL = 0;
				GCC_PREPROCESSOR_DEFINITIONS = (
					"DEBUG=1",
					"$(inherited)",
				);
				GCC_WARN_64_TO_32_BIT_CONVERSION = YES;
				GCC_WARN_ABOUT_RETURN_TYPE = YES_ERROR;
				GCC_WARN_UNDECLARED_SELECTOR = YES;
				GCC_WARN_UNINITIALIZED_AUTOS = YES_AGGRESSIVE;
				GCC_WARN_UNUSED_FUNCTION = YES;
				GCC_WARN_UNUSED_VARIABLE = YES;
				IPHONEOS_DEPLOYMENT_TARGET = 9.0;
				MTL_ENABLE_DEBUG_INFO = YES;
				ONLY_ACTIVE_ARCH = YES;
				SDKROOT = iphoneos;
				SWIFT_OPTIMIZATION_LEVEL = "-Onone";
				TARGETED_DEVICE_FAMILY = 2;
			};
			name = Debug;
		};
		3DBBD1FF1BC1F51200CBAF2C /* Release */ = {
			isa = XCBuildConfiguration;
			buildSettings = {
				ALWAYS_SEARCH_USER_PATHS = NO;
				CLANG_CXX_LANGUAGE_STANDARD = "gnu++0x";
				CLANG_CXX_LIBRARY = "libc++";
				CLANG_ENABLE_MODULES = YES;
				CLANG_ENABLE_OBJC_ARC = YES;
				CLANG_WARN_BOOL_CONVERSION = YES;
				CLANG_WARN_CONSTANT_CONVERSION = YES;
				CLANG_WARN_DIRECT_OBJC_ISA_USAGE = YES_ERROR;
				CLANG_WARN_EMPTY_BODY = YES;
				CLANG_WARN_ENUM_CONVERSION = YES;
				CLANG_WARN_INT_CONVERSION = YES;
				CLANG_WARN_OBJC_ROOT_CLASS = YES_ERROR;
				CLANG_WARN_UNREACHABLE_CODE = YES;
				CLANG_WARN__DUPLICATE_METHOD_MATCH = YES;
				"CODE_SIGN_IDENTITY[sdk=iphoneos*]" = "iPhone Developer";
				COPY_PHASE_STRIP = NO;
				DEBUG_INFORMATION_FORMAT = "dwarf-with-dsym";
				ENABLE_NS_ASSERTIONS = NO;
				ENABLE_STRICT_OBJC_MSGSEND = YES;
				GCC_C_LANGUAGE_STANDARD = gnu99;
				GCC_NO_COMMON_BLOCKS = YES;
				GCC_WARN_64_TO_32_BIT_CONVERSION = YES;
				GCC_WARN_ABOUT_RETURN_TYPE = YES_ERROR;
				GCC_WARN_UNDECLARED_SELECTOR = YES;
				GCC_WARN_UNINITIALIZED_AUTOS = YES_AGGRESSIVE;
				GCC_WARN_UNUSED_FUNCTION = YES;
				GCC_WARN_UNUSED_VARIABLE = YES;
				IPHONEOS_DEPLOYMENT_TARGET = 9.0;
				MTL_ENABLE_DEBUG_INFO = NO;
				SDKROOT = iphoneos;
				TARGETED_DEVICE_FAMILY = 2;
				VALIDATE_PRODUCT = YES;
			};
			name = Release;
		};
		3DBBD2011BC1F51200CBAF2C /* Debug */ = {
			isa = XCBuildConfiguration;
			buildSettings = {
				ASSETCATALOG_COMPILER_APPICON_NAME = AppIcon;
				CLANG_ENABLE_MODULES = YES;
				INFOPLIST_FILE = "NFL Superbowl Picks/Info.plist";
				LD_RUNPATH_SEARCH_PATHS = "$(inherited) @executable_path/Frameworks";
				PRODUCT_BUNDLE_IDENTIFIER = "Think-Jinues.NFL-Superbowl-Picks";
				PRODUCT_NAME = "$(TARGET_NAME)";
				SWIFT_OPTIMIZATION_LEVEL = "-Onone";
			};
			name = Debug;
		};
		3DBBD2021BC1F51200CBAF2C /* Release */ = {
			isa = XCBuildConfiguration;
			buildSettings = {
				ASSETCATALOG_COMPILER_APPICON_NAME = AppIcon;
				CLANG_ENABLE_MODULES = YES;
				INFOPLIST_FILE = "NFL Superbowl Picks/Info.plist";
				LD_RUNPATH_SEARCH_PATHS = "$(inherited) @executable_path/Frameworks";
				PRODUCT_BUNDLE_IDENTIFIER = "Think-Jinues.NFL-Superbowl-Picks";
				PRODUCT_NAME = "$(TARGET_NAME)";
			};
			name = Release;
		};
		3DBBD2041BC1F51200CBAF2C /* Debug */ = {
			isa = XCBuildConfiguration;
			buildSettings = {
				BUNDLE_LOADER = "$(TEST_HOST)";
				INFOPLIST_FILE = "NFL Superbowl PicksTests/Info.plist";
				LD_RUNPATH_SEARCH_PATHS = "$(inherited) @executable_path/Frameworks @loader_path/Frameworks";
				PRODUCT_BUNDLE_IDENTIFIER = "Think-Jinues.NFL-Superbowl-PicksTests";
				PRODUCT_NAME = "$(TARGET_NAME)";
				TEST_HOST = "$(BUILT_PRODUCTS_DIR)/NFL Superbowl Picks.app/NFL Superbowl Picks";
			};
			name = Debug;
		};
		3DBBD2051BC1F51200CBAF2C /* Release */ = {
			isa = XCBuildConfiguration;
			buildSettings = {
				BUNDLE_LOADER = "$(TEST_HOST)";
				INFOPLIST_FILE = "NFL Superbowl PicksTests/Info.plist";
				LD_RUNPATH_SEARCH_PATHS = "$(inherited) @executable_path/Frameworks @loader_path/Frameworks";
				PRODUCT_BUNDLE_IDENTIFIER = "Think-Jinues.NFL-Superbowl-PicksTests";
				PRODUCT_NAME = "$(TARGET_NAME)";
				TEST_HOST = "$(BUILT_PRODUCTS_DIR)/NFL Superbowl Picks.app/NFL Superbowl Picks";
			};
			name = Release;
		};
		3DBBD2071BC1F51200CBAF2C /* Debug */ = {
			isa = XCBuildConfiguration;
			buildSettings = {
				INFOPLIST_FILE = "NFL Superbowl PicksUITests/Info.plist";
				LD_RUNPATH_SEARCH_PATHS = "$(inherited) @executable_path/Frameworks @loader_path/Frameworks";
				PRODUCT_BUNDLE_IDENTIFIER = "Think-Jinues.NFL-Superbowl-PicksUITests";
				PRODUCT_NAME = "$(TARGET_NAME)";
				TEST_TARGET_NAME = "NFL Superbowl Picks";
				USES_XCTRUNNER = YES;
			};
			name = Debug;
		};
		3DBBD2081BC1F51200CBAF2C /* Release */ = {
			isa = XCBuildConfiguration;
			buildSettings = {
				INFOPLIST_FILE = "NFL Superbowl PicksUITests/Info.plist";
				LD_RUNPATH_SEARCH_PATHS = "$(inherited) @executable_path/Frameworks @loader_path/Frameworks";
				PRODUCT_BUNDLE_IDENTIFIER = "Think-Jinues.NFL-Superbowl-PicksUITests";
				PRODUCT_NAME = "$(TARGET_NAME)";
				TEST_TARGET_NAME = "NFL Superbowl Picks";
				USES_XCTRUNNER = YES;
			};
			name = Release;
		};
/* End XCBuildConfiguration section */

/* Begin XCConfigurationList section */
		3DBBD1D31BC1F51200CBAF2C /* Build configuration list for PBXProject "NFL Superbowl Picks" */ = {
			isa = XCConfigurationList;
			buildConfigurations = (
				3DBBD1FE1BC1F51200CBAF2C /* Debug */,
				3DBBD1FF1BC1F51200CBAF2C /* Release */,
			);
			defaultConfigurationIsVisible = 0;
			defaultConfigurationName = Release;
		};
		3DBBD2001BC1F51200CBAF2C /* Build configuration list for PBXNativeTarget "NFL Superbowl Picks" */ = {
			isa = XCConfigurationList;
			buildConfigurations = (
				3DBBD2011BC1F51200CBAF2C /* Debug */,
				3DBBD2021BC1F51200CBAF2C /* Release */,
			);
			defaultConfigurationIsVisible = 0;
		};
		3DBBD2031BC1F51200CBAF2C /* Build configuration list for PBXNativeTarget "NFL Superbowl PicksTests" */ = {
			isa = XCConfigurationList;
			buildConfigurations = (
				3DBBD2041BC1F51200CBAF2C /* Debug */,
				3DBBD2051BC1F51200CBAF2C /* Release */,
			);
			defaultConfigurationIsVisible = 0;
		};
		3DBBD2061BC1F51200CBAF2C /* Build configuration list for PBXNativeTarget "NFL Superbowl PicksUITests" */ = {
			isa = XCConfigurationList;
			buildConfigurations = (
				3DBBD2071BC1F51200CBAF2C /* Debug */,
				3DBBD2081BC1F51200CBAF2C /* Release */,
			);
			defaultConfigurationIsVisible = 0;
		};
/* End XCConfigurationList section */
	};
	rootObject = 3DBBD1D01BC1F51200CBAF2C /* Project object */;
}
