// !$*UTF8*$!
{
	archiveVersion = 1;
	classes = {
	};
	objectVersion = 46;
	objects = {

/* Begin PBXBuildFile section */
		3D3658361BCE28070035D18B /* AsyncButton.swift in Sources */ = {isa = PBXBuildFile; fileRef = 3D3658101BCE28070035D18B /* AsyncButton.swift */; settings = {ASSET_TAGS = (); }; };
		3D3658371BCE28070035D18B /* AsyncImageView.swift in Sources */ = {isa = PBXBuildFile; fileRef = 3D3658111BCE28070035D18B /* AsyncImageView.swift */; settings = {ASSET_TAGS = (); }; };
		3D3658381BCE28070035D18B /* AutoTextView.swift in Sources */ = {isa = PBXBuildFile; fileRef = 3D3658121BCE28070035D18B /* AutoTextView.swift */; settings = {ASSET_TAGS = (); }; };
		3D3658391BCE28070035D18B /* BlurView.swift in Sources */ = {isa = PBXBuildFile; fileRef = 3D3658131BCE28070035D18B /* BlurView.swift */; settings = {ASSET_TAGS = (); }; };
		3D36583A1BCE28070035D18B /* DesignableButton.swift in Sources */ = {isa = PBXBuildFile; fileRef = 3D3658141BCE28070035D18B /* DesignableButton.swift */; settings = {ASSET_TAGS = (); }; };
		3D36583B1BCE28070035D18B /* DesignableImageView.swift in Sources */ = {isa = PBXBuildFile; fileRef = 3D3658151BCE28070035D18B /* DesignableImageView.swift */; settings = {ASSET_TAGS = (); }; };
		3D36583C1BCE28070035D18B /* DesignableLabel.swift in Sources */ = {isa = PBXBuildFile; fileRef = 3D3658161BCE28070035D18B /* DesignableLabel.swift */; settings = {ASSET_TAGS = (); }; };
		3D36583D1BCE28070035D18B /* DesignableTabBarController.swift in Sources */ = {isa = PBXBuildFile; fileRef = 3D3658171BCE28070035D18B /* DesignableTabBarController.swift */; settings = {ASSET_TAGS = (); }; };
		3D36583E1BCE28070035D18B /* DesignableTextField.swift in Sources */ = {isa = PBXBuildFile; fileRef = 3D3658181BCE28070035D18B /* DesignableTextField.swift */; settings = {ASSET_TAGS = (); }; };
		3D36583F1BCE28070035D18B /* DesignableTextView.swift in Sources */ = {isa = PBXBuildFile; fileRef = 3D3658191BCE28070035D18B /* DesignableTextView.swift */; settings = {ASSET_TAGS = (); }; };
		3D3658401BCE28070035D18B /* DesignableView.swift in Sources */ = {isa = PBXBuildFile; fileRef = 3D36581A1BCE28070035D18B /* DesignableView.swift */; settings = {ASSET_TAGS = (); }; };
		3D3658411BCE28070035D18B /* ImageLoader.swift in Sources */ = {isa = PBXBuildFile; fileRef = 3D36581B1BCE28070035D18B /* ImageLoader.swift */; settings = {ASSET_TAGS = (); }; };
		3D3658421BCE28070035D18B /* KeyboardLayoutConstraint.swift in Sources */ = {isa = PBXBuildFile; fileRef = 3D36581C1BCE28070035D18B /* KeyboardLayoutConstraint.swift */; settings = {ASSET_TAGS = (); }; };
		3D3658431BCE28070035D18B /* LoadingView.swift in Sources */ = {isa = PBXBuildFile; fileRef = 3D36581D1BCE28070035D18B /* LoadingView.swift */; settings = {ASSET_TAGS = (); }; };
		3D3658441BCE28070035D18B /* Misc.swift in Sources */ = {isa = PBXBuildFile; fileRef = 3D36581E1BCE28070035D18B /* Misc.swift */; settings = {ASSET_TAGS = (); }; };
		3D3658451BCE28070035D18B /* SoundPlayer.swift in Sources */ = {isa = PBXBuildFile; fileRef = 3D36581F1BCE28070035D18B /* SoundPlayer.swift */; settings = {ASSET_TAGS = (); }; };
		3D3658461BCE28070035D18B /* Spring.swift in Sources */ = {isa = PBXBuildFile; fileRef = 3D3658201BCE28070035D18B /* Spring.swift */; settings = {ASSET_TAGS = (); }; };
		3D3658471BCE28070035D18B /* SpringAnimation.swift in Sources */ = {isa = PBXBuildFile; fileRef = 3D3658211BCE28070035D18B /* SpringAnimation.swift */; settings = {ASSET_TAGS = (); }; };
		3D3658481BCE28070035D18B /* SpringButton.swift in Sources */ = {isa = PBXBuildFile; fileRef = 3D3658221BCE28070035D18B /* SpringButton.swift */; settings = {ASSET_TAGS = (); }; };
		3D3658491BCE28070035D18B /* SpringImageView.swift in Sources */ = {isa = PBXBuildFile; fileRef = 3D3658231BCE28070035D18B /* SpringImageView.swift */; settings = {ASSET_TAGS = (); }; };
		3D36584A1BCE28070035D18B /* SpringLabel.swift in Sources */ = {isa = PBXBuildFile; fileRef = 3D3658241BCE28070035D18B /* SpringLabel.swift */; settings = {ASSET_TAGS = (); }; };
		3D36584B1BCE28070035D18B /* SpringTextField.swift in Sources */ = {isa = PBXBuildFile; fileRef = 3D3658251BCE28070035D18B /* SpringTextField.swift */; settings = {ASSET_TAGS = (); }; };
		3D36584C1BCE28070035D18B /* SpringTextView.swift in Sources */ = {isa = PBXBuildFile; fileRef = 3D3658261BCE28070035D18B /* SpringTextView.swift */; settings = {ASSET_TAGS = (); }; };
		3D36584D1BCE28070035D18B /* SpringView.swift in Sources */ = {isa = PBXBuildFile; fileRef = 3D3658271BCE28070035D18B /* SpringView.swift */; settings = {ASSET_TAGS = (); }; };
		3D36584E1BCE28070035D18B /* TransitionManager.swift in Sources */ = {isa = PBXBuildFile; fileRef = 3D3658281BCE28070035D18B /* TransitionManager.swift */; settings = {ASSET_TAGS = (); }; };
		3D36584F1BCE28070035D18B /* TransitionZoom.swift in Sources */ = {isa = PBXBuildFile; fileRef = 3D3658291BCE28070035D18B /* TransitionZoom.swift */; settings = {ASSET_TAGS = (); }; };
		3D3658501BCE28070035D18B /* UnwindSegue.swift in Sources */ = {isa = PBXBuildFile; fileRef = 3D36582A1BCE28070035D18B /* UnwindSegue.swift */; settings = {ASSET_TAGS = (); }; };
		3D3658511BCE28070035D18B /* Images.xcassets in Resources */ = {isa = PBXBuildFile; fileRef = 3D36582B1BCE28070035D18B /* Images.xcassets */; settings = {ASSET_TAGS = (); }; };
		3D3658521BCE28070035D18B /* LoadingView.xib in Resources */ = {isa = PBXBuildFile; fileRef = 3D36582C1BCE28070035D18B /* LoadingView.xib */; settings = {ASSET_TAGS = (); }; };
		3D3658531BCE28070035D18B /* Info.plist in Resources */ = {isa = PBXBuildFile; fileRef = 3D36582E1BCE28070035D18B /* Info.plist */; settings = {ASSET_TAGS = (); }; };
		3D3658541BCE28070035D18B /* Spring.xcconfig in Resources */ = {isa = PBXBuildFile; fileRef = 3D3658301BCE28070035D18B /* Spring.xcconfig */; settings = {ASSET_TAGS = (); }; };
		3D3658551BCE28070035D18B /* Spring-dummy.m in Sources */ = {isa = PBXBuildFile; fileRef = 3D3658311BCE28070035D18B /* Spring-dummy.m */; settings = {ASSET_TAGS = (); }; };
		3D3658581BCF2DBC0035D18B /* Alert2.png in Resources */ = {isa = PBXBuildFile; fileRef = 3D3658561BCF2DBC0035D18B /* Alert2.png */; settings = {ASSET_TAGS = (); }; };
		3D3658591BCF2DBC0035D18B /* Alert4.png in Resources */ = {isa = PBXBuildFile; fileRef = 3D3658571BCF2DBC0035D18B /* Alert4.png */; settings = {ASSET_TAGS = (); }; };
		3D36585C1BCF34000035D18B /* Alert1.png in Resources */ = {isa = PBXBuildFile; fileRef = 3D36585A1BCF34000035D18B /* Alert1.png */; settings = {ASSET_TAGS = (); }; };
		3D36585D1BCF34000035D18B /* Alert7.png in Resources */ = {isa = PBXBuildFile; fileRef = 3D36585B1BCF34000035D18B /* Alert7.png */; settings = {ASSET_TAGS = (); }; };
		3D3658641BD05F4C0035D18B /* Alert8.png in Resources */ = {isa = PBXBuildFile; fileRef = 3D3658621BD05F4C0035D18B /* Alert8.png */; settings = {ASSET_TAGS = (); }; };
		3D3658651BD05F4C0035D18B /* Alert9.png in Resources */ = {isa = PBXBuildFile; fileRef = 3D3658631BD05F4C0035D18B /* Alert9.png */; settings = {ASSET_TAGS = (); }; };
		3D6CFCF71BC6259B0015C050 /* AVFoundation.framework in Frameworks */ = {isa = PBXBuildFile; fileRef = 3D6CFCF61BC6259B0015C050 /* AVFoundation.framework */; };
		3D81C8F51B29DEC5001C8249 /* TimeoutViewController.swift in Sources */ = {isa = PBXBuildFile; fileRef = 3D81C8F41B29DEC5001C8249 /* TimeoutViewController.swift */; settings = {ASSET_TAGS = (); }; };
		3D8CB3B31BCB40E9003A38DA /* Alert3.png in Resources */ = {isa = PBXBuildFile; fileRef = 3D8CB3B01BCB40E9003A38DA /* Alert3.png */; settings = {ASSET_TAGS = (); }; };
		3D8CB3B91BCB4691003A38DA /* Alert5.png in Resources */ = {isa = PBXBuildFile; fileRef = 3D8CB3B71BCB4691003A38DA /* Alert5.png */; settings = {ASSET_TAGS = (); }; };
		3D8CB3BB1BCB55E5003A38DA /* Email Alert.png in Resources */ = {isa = PBXBuildFile; fileRef = 3D8CB3BA1BCB55E5003A38DA /* Email Alert.png */; settings = {ASSET_TAGS = (); }; };
		3DB1C2591BC2675900855B44 /* PickVerificationViewController.swift in Sources */ = {isa = PBXBuildFile; fileRef = 3DB1C2581BC2675900855B44 /* PickVerificationViewController.swift */; settings = {ASSET_TAGS = (); }; };
		3DBBD1E11BC1F51200CBAF2C /* Main.storyboard in Resources */ = {isa = PBXBuildFile; fileRef = 3DBBD1DF1BC1F51200CBAF2C /* Main.storyboard */; };
		3DBBD1E31BC1F51200CBAF2C /* Assets.xcassets in Resources */ = {isa = PBXBuildFile; fileRef = 3DBBD1E21BC1F51200CBAF2C /* Assets.xcassets */; };
		3DBBD1E61BC1F51200CBAF2C /* LaunchScreen.storyboard in Resources */ = {isa = PBXBuildFile; fileRef = 3DBBD1E41BC1F51200CBAF2C /* LaunchScreen.storyboard */; };
		3DBBD1F11BC1F51200CBAF2C /* NFL_Superbowl_PicksTests.swift in Sources */ = {isa = PBXBuildFile; fileRef = 3DBBD1F01BC1F51200CBAF2C /* NFL_Superbowl_PicksTests.swift */; };
		3DBBD1FC1BC1F51200CBAF2C /* NFL_Superbowl_PicksUITests.swift in Sources */ = {isa = PBXBuildFile; fileRef = 3DBBD1FB1BC1F51200CBAF2C /* NFL_Superbowl_PicksUITests.swift */; };
		3DBBD20A1BC1F7BD00CBAF2C /* AppDelegate.swift in Sources */ = {isa = PBXBuildFile; fileRef = 3DBBD2091BC1F7BD00CBAF2C /* AppDelegate.swift */; settings = {ASSET_TAGS = (); }; };
		3DBBD20F1BC1F7C800CBAF2C /* SignUpViewController.swift in Sources */ = {isa = PBXBuildFile; fileRef = 3DBBD20B1BC1F7C800CBAF2C /* SignUpViewController.swift */; settings = {ASSET_TAGS = (); }; };
		3DBBD2101BC1F7C800CBAF2C /* NFCPicksViewController.swift in Sources */ = {isa = PBXBuildFile; fileRef = 3DBBD20C1BC1F7C800CBAF2C /* NFCPicksViewController.swift */; settings = {ASSET_TAGS = (); }; };
		3DBBD2111BC1F7C800CBAF2C /* AFCPicksViewController.swift in Sources */ = {isa = PBXBuildFile; fileRef = 3DBBD20D1BC1F7C800CBAF2C /* AFCPicksViewController.swift */; settings = {ASSET_TAGS = (); }; };
		3DBBD2141BC1F7DF00CBAF2C /* KDCircularProgress.swift in Sources */ = {isa = PBXBuildFile; fileRef = 3DBBD2131BC1F7DF00CBAF2C /* KDCircularProgress.swift */; settings = {ASSET_TAGS = (); }; };
		3DE3D51B1BC7122800BD0286 /* ScrollViewContainer.swift in Sources */ = {isa = PBXBuildFile; fileRef = 3DE3D51A1BC7122800BD0286 /* ScrollViewContainer.swift */; settings = {ASSET_TAGS = (); }; };
		CDE6BAE9D77EF63313A62BE1 /* Pods.framework in Frameworks */ = {isa = PBXBuildFile; fileRef = FB9AA630EA03E03E30001282 /* Pods.framework */; };
/* End PBXBuildFile section */

/* Begin PBXContainerItemProxy section */
		3DBBD1ED1BC1F51200CBAF2C /* PBXContainerItemProxy */ = {
			isa = PBXContainerItemProxy;
			containerPortal = 3DBBD1D01BC1F51200CBAF2C /* Project object */;
			proxyType = 1;
			remoteGlobalIDString = 3DBBD1D71BC1F51200CBAF2C;
			remoteInfo = "NFL Superbowl Picks";
		};
		3DBBD1F81BC1F51200CBAF2C /* PBXContainerItemProxy */ = {
			isa = PBXContainerItemProxy;
			containerPortal = 3DBBD1D01BC1F51200CBAF2C /* Project object */;
			proxyType = 1;
			remoteGlobalIDString = 3DBBD1D71BC1F51200CBAF2C;
			remoteInfo = "NFL Superbowl Picks";
		};
/* End PBXContainerItemProxy section */

/* Begin PBXFileReference section */
		3D3658101BCE28070035D18B /* AsyncButton.swift */ = {isa = PBXFileReference; fileEncoding = 4; lastKnownFileType = sourcecode.swift; name = AsyncButton.swift; path = Spring/AsyncButton.swift; sourceTree = "<group>"; };
		3D3658111BCE28070035D18B /* AsyncImageView.swift */ = {isa = PBXFileReference; fileEncoding = 4; lastKnownFileType = sourcecode.swift; name = AsyncImageView.swift; path = Spring/AsyncImageView.swift; sourceTree = "<group>"; };
		3D3658121BCE28070035D18B /* AutoTextView.swift */ = {isa = PBXFileReference; fileEncoding = 4; lastKnownFileType = sourcecode.swift; name = AutoTextView.swift; path = Spring/AutoTextView.swift; sourceTree = "<group>"; };
		3D3658131BCE28070035D18B /* BlurView.swift */ = {isa = PBXFileReference; fileEncoding = 4; lastKnownFileType = sourcecode.swift; name = BlurView.swift; path = Spring/BlurView.swift; sourceTree = "<group>"; };
		3D3658141BCE28070035D18B /* DesignableButton.swift */ = {isa = PBXFileReference; fileEncoding = 4; lastKnownFileType = sourcecode.swift; name = DesignableButton.swift; path = Spring/DesignableButton.swift; sourceTree = "<group>"; };
		3D3658151BCE28070035D18B /* DesignableImageView.swift */ = {isa = PBXFileReference; fileEncoding = 4; lastKnownFileType = sourcecode.swift; name = DesignableImageView.swift; path = Spring/DesignableImageView.swift; sourceTree = "<group>"; };
		3D3658161BCE28070035D18B /* DesignableLabel.swift */ = {isa = PBXFileReference; fileEncoding = 4; lastKnownFileType = sourcecode.swift; name = DesignableLabel.swift; path = Spring/DesignableLabel.swift; sourceTree = "<group>"; };
		3D3658171BCE28070035D18B /* DesignableTabBarController.swift */ = {isa = PBXFileReference; fileEncoding = 4; lastKnownFileType = sourcecode.swift; name = DesignableTabBarController.swift; path = Spring/DesignableTabBarController.swift; sourceTree = "<group>"; };
		3D3658181BCE28070035D18B /* DesignableTextField.swift */ = {isa = PBXFileReference; fileEncoding = 4; lastKnownFileType = sourcecode.swift; name = DesignableTextField.swift; path = Spring/DesignableTextField.swift; sourceTree = "<group>"; };
		3D3658191BCE28070035D18B /* DesignableTextView.swift */ = {isa = PBXFileReference; fileEncoding = 4; lastKnownFileType = sourcecode.swift; name = DesignableTextView.swift; path = Spring/DesignableTextView.swift; sourceTree = "<group>"; };
		3D36581A1BCE28070035D18B /* DesignableView.swift */ = {isa = PBXFileReference; fileEncoding = 4; lastKnownFileType = sourcecode.swift; name = DesignableView.swift; path = Spring/DesignableView.swift; sourceTree = "<group>"; };
		3D36581B1BCE28070035D18B /* ImageLoader.swift */ = {isa = PBXFileReference; fileEncoding = 4; lastKnownFileType = sourcecode.swift; name = ImageLoader.swift; path = Spring/ImageLoader.swift; sourceTree = "<group>"; };
		3D36581C1BCE28070035D18B /* KeyboardLayoutConstraint.swift */ = {isa = PBXFileReference; fileEncoding = 4; lastKnownFileType = sourcecode.swift; name = KeyboardLayoutConstraint.swift; path = Spring/KeyboardLayoutConstraint.swift; sourceTree = "<group>"; };
		3D36581D1BCE28070035D18B /* LoadingView.swift */ = {isa = PBXFileReference; fileEncoding = 4; lastKnownFileType = sourcecode.swift; name = LoadingView.swift; path = Spring/LoadingView.swift; sourceTree = "<group>"; };
		3D36581E1BCE28070035D18B /* Misc.swift */ = {isa = PBXFileReference; fileEncoding = 4; lastKnownFileType = sourcecode.swift; name = Misc.swift; path = Spring/Misc.swift; sourceTree = "<group>"; };
		3D36581F1BCE28070035D18B /* SoundPlayer.swift */ = {isa = PBXFileReference; fileEncoding = 4; lastKnownFileType = sourcecode.swift; name = SoundPlayer.swift; path = Spring/SoundPlayer.swift; sourceTree = "<group>"; };
		3D3658201BCE28070035D18B /* Spring.swift */ = {isa = PBXFileReference; fileEncoding = 4; lastKnownFileType = sourcecode.swift; name = Spring.swift; path = Spring/Spring.swift; sourceTree = "<group>"; };
		3D3658211BCE28070035D18B /* SpringAnimation.swift */ = {isa = PBXFileReference; fileEncoding = 4; lastKnownFileType = sourcecode.swift; name = SpringAnimation.swift; path = Spring/SpringAnimation.swift; sourceTree = "<group>"; };
		3D3658221BCE28070035D18B /* SpringButton.swift */ = {isa = PBXFileReference; fileEncoding = 4; lastKnownFileType = sourcecode.swift; name = SpringButton.swift; path = Spring/SpringButton.swift; sourceTree = "<group>"; };
		3D3658231BCE28070035D18B /* SpringImageView.swift */ = {isa = PBXFileReference; fileEncoding = 4; lastKnownFileType = sourcecode.swift; name = SpringImageView.swift; path = Spring/SpringImageView.swift; sourceTree = "<group>"; };
		3D3658241BCE28070035D18B /* SpringLabel.swift */ = {isa = PBXFileReference; fileEncoding = 4; lastKnownFileType = sourcecode.swift; name = SpringLabel.swift; path = Spring/SpringLabel.swift; sourceTree = "<group>"; };
		3D3658251BCE28070035D18B /* SpringTextField.swift */ = {isa = PBXFileReference; fileEncoding = 4; lastKnownFileType = sourcecode.swift; name = SpringTextField.swift; path = Spring/SpringTextField.swift; sourceTree = "<group>"; };
		3D3658261BCE28070035D18B /* SpringTextView.swift */ = {isa = PBXFileReference; fileEncoding = 4; lastKnownFileType = sourcecode.swift; name = SpringTextView.swift; path = Spring/SpringTextView.swift; sourceTree = "<group>"; };
		3D3658271BCE28070035D18B /* SpringView.swift */ = {isa = PBXFileReference; fileEncoding = 4; lastKnownFileType = sourcecode.swift; name = SpringView.swift; path = Spring/SpringView.swift; sourceTree = "<group>"; };
		3D3658281BCE28070035D18B /* TransitionManager.swift */ = {isa = PBXFileReference; fileEncoding = 4; lastKnownFileType = sourcecode.swift; name = TransitionManager.swift; path = Spring/TransitionManager.swift; sourceTree = "<group>"; };
		3D3658291BCE28070035D18B /* TransitionZoom.swift */ = {isa = PBXFileReference; fileEncoding = 4; lastKnownFileType = sourcecode.swift; name = TransitionZoom.swift; path = Spring/TransitionZoom.swift; sourceTree = "<group>"; };
		3D36582A1BCE28070035D18B /* UnwindSegue.swift */ = {isa = PBXFileReference; fileEncoding = 4; lastKnownFileType = sourcecode.swift; name = UnwindSegue.swift; path = Spring/UnwindSegue.swift; sourceTree = "<group>"; };
		3D36582B1BCE28070035D18B /* Images.xcassets */ = {isa = PBXFileReference; lastKnownFileType = folder.assetcatalog; name = Images.xcassets; path = SpringApp/Images.xcassets; sourceTree = "<group>"; };
		3D36582C1BCE28070035D18B /* LoadingView.xib */ = {isa = PBXFileReference; fileEncoding = 4; lastKnownFileType = file.xib; name = LoadingView.xib; path = Spring/LoadingView.xib; sourceTree = "<group>"; };
		3D36582E1BCE28070035D18B /* Info.plist */ = {isa = PBXFileReference; fileEncoding = 4; lastKnownFileType = text.plist.xml; path = Info.plist; sourceTree = "<group>"; };
		3D36582F1BCE28070035D18B /* Spring.modulemap */ = {isa = PBXFileReference; fileEncoding = 4; lastKnownFileType = "sourcecode.module-map"; path = Spring.modulemap; sourceTree = "<group>"; };
		3D3658301BCE28070035D18B /* Spring.xcconfig */ = {isa = PBXFileReference; fileEncoding = 4; lastKnownFileType = text.xcconfig; path = Spring.xcconfig; sourceTree = "<group>"; };
		3D3658311BCE28070035D18B /* Spring-dummy.m */ = {isa = PBXFileReference; fileEncoding = 4; lastKnownFileType = sourcecode.c.objc; path = "Spring-dummy.m"; sourceTree = "<group>"; };
		3D3658321BCE28070035D18B /* Spring-prefix.pch */ = {isa = PBXFileReference; fileEncoding = 4; lastKnownFileType = sourcecode.c.h; path = "Spring-prefix.pch"; sourceTree = "<group>"; };
		3D3658331BCE28070035D18B /* Spring-umbrella.h */ = {isa = PBXFileReference; fileEncoding = 4; lastKnownFileType = sourcecode.c.h; path = "Spring-umbrella.h"; sourceTree = "<group>"; };
		3D3658561BCF2DBC0035D18B /* Alert2.png */ = {isa = PBXFileReference; lastKnownFileType = image.png; path = Alert2.png; sourceTree = "<group>"; };
		3D3658571BCF2DBC0035D18B /* Alert4.png */ = {isa = PBXFileReference; lastKnownFileType = image.png; path = Alert4.png; sourceTree = "<group>"; };
		3D36585A1BCF34000035D18B /* Alert1.png */ = {isa = PBXFileReference; lastKnownFileType = image.png; path = Alert1.png; sourceTree = "<group>"; };
		3D36585B1BCF34000035D18B /* Alert7.png */ = {isa = PBXFileReference; lastKnownFileType = image.png; path = Alert7.png; sourceTree = "<group>"; };
		3D3658621BD05F4C0035D18B /* Alert8.png */ = {isa = PBXFileReference; lastKnownFileType = image.png; path = Alert8.png; sourceTree = "<group>"; };
		3D3658631BD05F4C0035D18B /* Alert9.png */ = {isa = PBXFileReference; lastKnownFileType = image.png; path = Alert9.png; sourceTree = "<group>"; };
		3D6CFCEC1BC623FE0015C050 /* libsqlite3.0.tbd */ = {isa = PBXFileReference; lastKnownFileType = "sourcecode.text-based-dylib-definition"; name = libsqlite3.0.tbd; path = usr/lib/libsqlite3.0.tbd; sourceTree = SDKROOT; };
		3D6CFCEE1BC624C60015C050 /* libsqlite3.tbd */ = {isa = PBXFileReference; lastKnownFileType = "sourcecode.text-based-dylib-definition"; name = libsqlite3.tbd; path = usr/lib/libsqlite3.tbd; sourceTree = SDKROOT; };
		3D6CFCF01BC6252D0015C050 /* dylib1.o */ = {isa = PBXFileReference; lastKnownFileType = "compiled.mach-o.objfile"; name = dylib1.o; path = usr/lib/dylib1.o; sourceTree = SDKROOT; };
		3D6CFCF21BC625690015C050 /* lazydylib1.o */ = {isa = PBXFileReference; lastKnownFileType = "compiled.mach-o.objfile"; name = lazydylib1.o; path = usr/lib/lazydylib1.o; sourceTree = SDKROOT; };
		3D6CFCF31BC625690015C050 /* libdyld.tbd */ = {isa = PBXFileReference; lastKnownFileType = "sourcecode.text-based-dylib-definition"; name = libdyld.tbd; path = usr/lib/system/libdyld.tbd; sourceTree = SDKROOT; };
		3D6CFCF61BC6259B0015C050 /* AVFoundation.framework */ = {isa = PBXFileReference; lastKnownFileType = wrapper.framework; name = AVFoundation.framework; path = System/Library/Frameworks/AVFoundation.framework; sourceTree = SDKROOT; };
		3D81C8F41B29DEC5001C8249 /* TimeoutViewController.swift */ = {isa = PBXFileReference; fileEncoding = 4; lastKnownFileType = sourcecode.swift; path = TimeoutViewController.swift; sourceTree = "<group>"; };
		3D8CB3B01BCB40E9003A38DA /* Alert3.png */ = {isa = PBXFileReference; lastKnownFileType = image.png; path = Alert3.png; sourceTree = "<group>"; };
		3D8CB3B71BCB4691003A38DA /* Alert5.png */ = {isa = PBXFileReference; lastKnownFileType = image.png; path = Alert5.png; sourceTree = "<group>"; };
		3D8CB3BA1BCB55E5003A38DA /* Email Alert.png */ = {isa = PBXFileReference; lastKnownFileType = image.png; path = "Email Alert.png"; sourceTree = "<group>"; };
		3DB1C2581BC2675900855B44 /* PickVerificationViewController.swift */ = {isa = PBXFileReference; fileEncoding = 4; lastKnownFileType = sourcecode.swift; path = PickVerificationViewController.swift; sourceTree = "<group>"; };
		3DBBD1D81BC1F51200CBAF2C /* NFL Superbowl Picks.app */ = {isa = PBXFileReference; explicitFileType = wrapper.application; includeInIndex = 0; path = "NFL Superbowl Picks.app"; sourceTree = BUILT_PRODUCTS_DIR; };
		3DBBD1E01BC1F51200CBAF2C /* Base */ = {isa = PBXFileReference; lastKnownFileType = file.storyboard; name = Base; path = Base.lproj/Main.storyboard; sourceTree = "<group>"; };
		3DBBD1E21BC1F51200CBAF2C /* Assets.xcassets */ = {isa = PBXFileReference; lastKnownFileType = folder.assetcatalog; path = Assets.xcassets; sourceTree = "<group>"; };
		3DBBD1E51BC1F51200CBAF2C /* Base */ = {isa = PBXFileReference; lastKnownFileType = file.storyboard; name = Base; path = Base.lproj/LaunchScreen.storyboard; sourceTree = "<group>"; };
		3DBBD1E71BC1F51200CBAF2C /* Info.plist */ = {isa = PBXFileReference; lastKnownFileType = text.plist.xml; path = Info.plist; sourceTree = "<group>"; };
		3DBBD1EC1BC1F51200CBAF2C /* NFL Superbowl PicksTests.xctest */ = {isa = PBXFileReference; explicitFileType = wrapper.cfbundle; includeInIndex = 0; path = "NFL Superbowl PicksTests.xctest"; sourceTree = BUILT_PRODUCTS_DIR; };
		3DBBD1F01BC1F51200CBAF2C /* NFL_Superbowl_PicksTests.swift */ = {isa = PBXFileReference; lastKnownFileType = sourcecode.swift; path = NFL_Superbowl_PicksTests.swift; sourceTree = "<group>"; };
		3DBBD1F21BC1F51200CBAF2C /* Info.plist */ = {isa = PBXFileReference; lastKnownFileType = text.plist.xml; path = Info.plist; sourceTree = "<group>"; };
		3DBBD1F71BC1F51200CBAF2C /* NFL Superbowl PicksUITests.xctest */ = {isa = PBXFileReference; explicitFileType = wrapper.cfbundle; includeInIndex = 0; path = "NFL Superbowl PicksUITests.xctest"; sourceTree = BUILT_PRODUCTS_DIR; };
		3DBBD1FB1BC1F51200CBAF2C /* NFL_Superbowl_PicksUITests.swift */ = {isa = PBXFileReference; lastKnownFileType = sourcecode.swift; path = NFL_Superbowl_PicksUITests.swift; sourceTree = "<group>"; };
		3DBBD1FD1BC1F51200CBAF2C /* Info.plist */ = {isa = PBXFileReference; lastKnownFileType = text.plist.xml; path = Info.plist; sourceTree = "<group>"; };
		3DBBD2091BC1F7BD00CBAF2C /* AppDelegate.swift */ = {isa = PBXFileReference; fileEncoding = 4; lastKnownFileType = sourcecode.swift; path = AppDelegate.swift; sourceTree = "<group>"; };
		3DBBD20B1BC1F7C800CBAF2C /* SignUpViewController.swift */ = {isa = PBXFileReference; fileEncoding = 4; lastKnownFileType = sourcecode.swift; path = SignUpViewController.swift; sourceTree = "<group>"; };
		3DBBD20C1BC1F7C800CBAF2C /* NFCPicksViewController.swift */ = {isa = PBXFileReference; fileEncoding = 4; lastKnownFileType = sourcecode.swift; path = NFCPicksViewController.swift; sourceTree = "<group>"; };
		3DBBD20D1BC1F7C800CBAF2C /* AFCPicksViewController.swift */ = {isa = PBXFileReference; fileEncoding = 4; lastKnownFileType = sourcecode.swift; path = AFCPicksViewController.swift; sourceTree = "<group>"; };
		3DBBD2131BC1F7DF00CBAF2C /* KDCircularProgress.swift */ = {isa = PBXFileReference; fileEncoding = 4; lastKnownFileType = sourcecode.swift; path = KDCircularProgress.swift; sourceTree = "<group>"; };
		3DBBD2151BC1FC8A00CBAF2C /* NFL Superbowl Picks-Bridging-Header.h */ = {isa = PBXFileReference; lastKnownFileType = sourcecode.c.h; path = "NFL Superbowl Picks-Bridging-Header.h"; sourceTree = "<group>"; };
		3DE3D51A1BC7122800BD0286 /* ScrollViewContainer.swift */ = {isa = PBXFileReference; fileEncoding = 4; lastKnownFileType = sourcecode.swift; path = ScrollViewContainer.swift; sourceTree = "<group>"; };
		8A8A4BD2299BD3A4093389DC /* Pods.debug.xcconfig */ = {isa = PBXFileReference; includeInIndex = 1; lastKnownFileType = text.xcconfig; name = Pods.debug.xcconfig; path = "Pods/Target Support Files/Pods/Pods.debug.xcconfig"; sourceTree = "<group>"; };
		96A8001B67D024F5377C5762 /* Pods.release.xcconfig */ = {isa = PBXFileReference; includeInIndex = 1; lastKnownFileType = text.xcconfig; name = Pods.release.xcconfig; path = "Pods/Target Support Files/Pods/Pods.release.xcconfig"; sourceTree = "<group>"; };
		FB9AA630EA03E03E30001282 /* Pods.framework */ = {isa = PBXFileReference; explicitFileType = wrapper.framework; includeInIndex = 0; path = Pods.framework; sourceTree = BUILT_PRODUCTS_DIR; };
/* End PBXFileReference section */

/* Begin PBXFrameworksBuildPhase section */
		3DBBD1D51BC1F51200CBAF2C /* Frameworks */ = {
			isa = PBXFrameworksBuildPhase;
			buildActionMask = 2147483647;
			files = (
				3D6CFCF71BC6259B0015C050 /* AVFoundation.framework in Frameworks */,
				CDE6BAE9D77EF63313A62BE1 /* Pods.framework in Frameworks */,
			);
			runOnlyForDeploymentPostprocessing = 0;
		};
		3DBBD1E91BC1F51200CBAF2C /* Frameworks */ = {
			isa = PBXFrameworksBuildPhase;
			buildActionMask = 2147483647;
			files = (
			);
			runOnlyForDeploymentPostprocessing = 0;
		};
		3DBBD1F41BC1F51200CBAF2C /* Frameworks */ = {
			isa = PBXFrameworksBuildPhase;
			buildActionMask = 2147483647;
			files = (
			);
			runOnlyForDeploymentPostprocessing = 0;
		};
/* End PBXFrameworksBuildPhase section */

/* Begin PBXGroup section */
		3D36582D1BCE28070035D18B /* Resources */ = {
			isa = PBXGroup;
			children = (
				3D36582B1BCE28070035D18B /* Images.xcassets */,
				3D36582C1BCE28070035D18B /* LoadingView.xib */,
			);
			name = Resources;
			sourceTree = "<group>";
		};
		3D3658341BCE28070035D18B /* Support Files */ = {
			isa = PBXGroup;
			children = (
				3D36582E1BCE28070035D18B /* Info.plist */,
				3D36582F1BCE28070035D18B /* Spring.modulemap */,
				3D3658301BCE28070035D18B /* Spring.xcconfig */,
				3D3658311BCE28070035D18B /* Spring-dummy.m */,
				3D3658321BCE28070035D18B /* Spring-prefix.pch */,
				3D3658331BCE28070035D18B /* Spring-umbrella.h */,
			);
			name = "Support Files";
			path = "../Target Support Files/Spring";
			sourceTree = "<group>";
		};
		3D3658351BCE28070035D18B /* Spring */ = {
			isa = PBXGroup;
			children = (
				3D3658101BCE28070035D18B /* AsyncButton.swift */,
				3D3658111BCE28070035D18B /* AsyncImageView.swift */,
				3D3658121BCE28070035D18B /* AutoTextView.swift */,
				3D3658131BCE28070035D18B /* BlurView.swift */,
				3D3658141BCE28070035D18B /* DesignableButton.swift */,
				3D3658151BCE28070035D18B /* DesignableImageView.swift */,
				3D3658161BCE28070035D18B /* DesignableLabel.swift */,
				3D3658171BCE28070035D18B /* DesignableTabBarController.swift */,
				3D3658181BCE28070035D18B /* DesignableTextField.swift */,
				3D3658191BCE28070035D18B /* DesignableTextView.swift */,
				3D36581A1BCE28070035D18B /* DesignableView.swift */,
				3D36581B1BCE28070035D18B /* ImageLoader.swift */,
				3D36581C1BCE28070035D18B /* KeyboardLayoutConstraint.swift */,
				3D36581D1BCE28070035D18B /* LoadingView.swift */,
				3D36581E1BCE28070035D18B /* Misc.swift */,
				3D36581F1BCE28070035D18B /* SoundPlayer.swift */,
				3D3658201BCE28070035D18B /* Spring.swift */,
				3D3658211BCE28070035D18B /* SpringAnimation.swift */,
				3D3658221BCE28070035D18B /* SpringButton.swift */,
				3D3658231BCE28070035D18B /* SpringImageView.swift */,
				3D3658241BCE28070035D18B /* SpringLabel.swift */,
				3D3658251BCE28070035D18B /* SpringTextField.swift */,
				3D3658261BCE28070035D18B /* SpringTextView.swift */,
				3D3658271BCE28070035D18B /* SpringView.swift */,
				3D3658281BCE28070035D18B /* TransitionManager.swift */,
				3D3658291BCE28070035D18B /* TransitionZoom.swift */,
				3D36582A1BCE28070035D18B /* UnwindSegue.swift */,
				3D36582D1BCE28070035D18B /* Resources */,
				3D3658341BCE28070035D18B /* Support Files */,
			);
			name = Spring;
			path = ../Pods/Spring;
			sourceTree = "<group>";
		};
		3DB1C25E1BC5A44000855B44 /* Supporting Files */ = {
			isa = PBXGroup;
			children = (
				3DE3D5661BCAF9C400BD0286 /* Alerts */,
				3D3658351BCE28070035D18B /* Spring */,
				3DE3D51A1BC7122800BD0286 /* ScrollViewContainer.swift */,
				3DBBD2131BC1F7DF00CBAF2C /* KDCircularProgress.swift */,
				3DBBD1E21BC1F51200CBAF2C /* Assets.xcassets */,
				3DBBD1E41BC1F51200CBAF2C /* LaunchScreen.storyboard */,
				3DBBD1E71BC1F51200CBAF2C /* Info.plist */,
				3DBBD2151BC1FC8A00CBAF2C /* NFL Superbowl Picks-Bridging-Header.h */,
			);
			name = "Supporting Files";
			sourceTree = "<group>";
		};
		3DBBD1CF1BC1F51200CBAF2C = {
			isa = PBXGroup;
			children = (
				3DBBD1DA1BC1F51200CBAF2C /* NFL Superbowl Picks */,
				3DBBD1EF1BC1F51200CBAF2C /* NFL Superbowl PicksTests */,
				3DBBD1FA1BC1F51200CBAF2C /* NFL Superbowl PicksUITests */,
				3DBBD1D91BC1F51200CBAF2C /* Products */,
				B4FC47336BB33645A6CE3563 /* Pods */,
				EA71AA5C2E410CA72F6B5607 /* Frameworks */,
			);
			sourceTree = "<group>";
		};
		3DBBD1D91BC1F51200CBAF2C /* Products */ = {
			isa = PBXGroup;
			children = (
				3DBBD1D81BC1F51200CBAF2C /* NFL Superbowl Picks.app */,
				3DBBD1EC1BC1F51200CBAF2C /* NFL Superbowl PicksTests.xctest */,
				3DBBD1F71BC1F51200CBAF2C /* NFL Superbowl PicksUITests.xctest */,
			);
			name = Products;
			sourceTree = "<group>";
		};
		3DBBD1DA1BC1F51200CBAF2C /* NFL Superbowl Picks */ = {
			isa = PBXGroup;
			children = (
				3DBBD2091BC1F7BD00CBAF2C /* AppDelegate.swift */,
				3D81C8F41B29DEC5001C8249 /* TimeoutViewController.swift */,
				3DBBD20B1BC1F7C800CBAF2C /* SignUpViewController.swift */,
				3DBBD20C1BC1F7C800CBAF2C /* NFCPicksViewController.swift */,
				3DBBD20D1BC1F7C800CBAF2C /* AFCPicksViewController.swift */,
				3DB1C2581BC2675900855B44 /* PickVerificationViewController.swift */,
				3DBBD1DF1BC1F51200CBAF2C /* Main.storyboard */,
				3DB1C25E1BC5A44000855B44 /* Supporting Files */,
			);
			path = "NFL Superbowl Picks";
			sourceTree = "<group>";
		};
		3DBBD1EF1BC1F51200CBAF2C /* NFL Superbowl PicksTests */ = {
			isa = PBXGroup;
			children = (
				3DBBD1F01BC1F51200CBAF2C /* NFL_Superbowl_PicksTests.swift */,
				3DBBD1F21BC1F51200CBAF2C /* Info.plist */,
			);
			path = "NFL Superbowl PicksTests";
			sourceTree = "<group>";
		};
		3DBBD1FA1BC1F51200CBAF2C /* NFL Superbowl PicksUITests */ = {
			isa = PBXGroup;
			children = (
				3DBBD1FB1BC1F51200CBAF2C /* NFL_Superbowl_PicksUITests.swift */,
				3DBBD1FD1BC1F51200CBAF2C /* Info.plist */,
			);
			path = "NFL Superbowl PicksUITests";
			sourceTree = "<group>";
		};
		3DE3D5661BCAF9C400BD0286 /* Alerts */ = {
			isa = PBXGroup;
			children = (
				3D36585A1BCF34000035D18B /* Alert1.png */,
				3D36585B1BCF34000035D18B /* Alert7.png */,
				3D8CB3BA1BCB55E5003A38DA /* Email Alert.png */,
				3D3658561BCF2DBC0035D18B /* Alert2.png */,
				3D3658621BD05F4C0035D18B /* Alert8.png */,
				3D3658631BD05F4C0035D18B /* Alert9.png */,
				3D3658571BCF2DBC0035D18B /* Alert4.png */,
				3D8CB3B01BCB40E9003A38DA /* Alert3.png */,
				3D8CB3B71BCB4691003A38DA /* Alert5.png */,
			);
			name = Alerts;
			sourceTree = "<group>";
		};
		B4FC47336BB33645A6CE3563 /* Pods */ = {
			isa = PBXGroup;
			children = (
				8A8A4BD2299BD3A4093389DC /* Pods.debug.xcconfig */,
				96A8001B67D024F5377C5762 /* Pods.release.xcconfig */,
			);
			name = Pods;
			sourceTree = "<group>";
		};
		EA71AA5C2E410CA72F6B5607 /* Frameworks */ = {
			isa = PBXGroup;
			children = (
				3D6CFCF61BC6259B0015C050 /* AVFoundation.framework */,
				3D6CFCF21BC625690015C050 /* lazydylib1.o */,
				3D6CFCF31BC625690015C050 /* libdyld.tbd */,
				3D6CFCF01BC6252D0015C050 /* dylib1.o */,
				3D6CFCEE1BC624C60015C050 /* libsqlite3.tbd */,
				3D6CFCEC1BC623FE0015C050 /* libsqlite3.0.tbd */,
				FB9AA630EA03E03E30001282 /* Pods.framework */,
			);
			name = Frameworks;
			sourceTree = "<group>";
		};
/* End PBXGroup section */

/* Begin PBXNativeTarget section */
		3DBBD1D71BC1F51200CBAF2C /* NFL Superbowl Picks */ = {
			isa = PBXNativeTarget;
			buildConfigurationList = 3DBBD2001BC1F51200CBAF2C /* Build configuration list for PBXNativeTarget "NFL Superbowl Picks" */;
			buildPhases = (
				F96E46ED295761396D62C3CD /* Check Pods Manifest.lock */,
				3DBBD1D41BC1F51200CBAF2C /* Sources */,
				3DBBD1D51BC1F51200CBAF2C /* Frameworks */,
				3DBBD1D61BC1F51200CBAF2C /* Resources */,
				8BEB0C15CED863D69A3F52E5 /* Copy Pods Resources */,
				46218C207DE17EAB8482FC33 /* Embed Pods Frameworks */,
			);
			buildRules = (
			);
			dependencies = (
			);
			name = "NFL Superbowl Picks";
			productName = "NFL Superbowl Picks";
			productReference = 3DBBD1D81BC1F51200CBAF2C /* NFL Superbowl Picks.app */;
			productType = "com.apple.product-type.application";
		};
		3DBBD1EB1BC1F51200CBAF2C /* NFL Superbowl PicksTests */ = {
			isa = PBXNativeTarget;
			buildConfigurationList = 3DBBD2031BC1F51200CBAF2C /* Build configuration list for PBXNativeTarget "NFL Superbowl PicksTests" */;
			buildPhases = (
				3DBBD1E81BC1F51200CBAF2C /* Sources */,
				3DBBD1E91BC1F51200CBAF2C /* Frameworks */,
				3DBBD1EA1BC1F51200CBAF2C /* Resources */,
			);
			buildRules = (
			);
			dependencies = (
				3DBBD1EE1BC1F51200CBAF2C /* PBXTargetDependency */,
			);
			name = "NFL Superbowl PicksTests";
			productName = "NFL Superbowl PicksTests";
			productReference = 3DBBD1EC1BC1F51200CBAF2C /* NFL Superbowl PicksTests.xctest */;
			productType = "com.apple.product-type.bundle.unit-test";
		};
		3DBBD1F61BC1F51200CBAF2C /* NFL Superbowl PicksUITests */ = {
			isa = PBXNativeTarget;
			buildConfigurationList = 3DBBD2061BC1F51200CBAF2C /* Build configuration list for PBXNativeTarget "NFL Superbowl PicksUITests" */;
			buildPhases = (
				3DBBD1F31BC1F51200CBAF2C /* Sources */,
				3DBBD1F41BC1F51200CBAF2C /* Frameworks */,
				3DBBD1F51BC1F51200CBAF2C /* Resources */,
			);
			buildRules = (
			);
			dependencies = (
				3DBBD1F91BC1F51200CBAF2C /* PBXTargetDependency */,
			);
			name = "NFL Superbowl PicksUITests";
			productName = "NFL Superbowl PicksUITests";
			productReference = 3DBBD1F71BC1F51200CBAF2C /* NFL Superbowl PicksUITests.xctest */;
			productType = "com.apple.product-type.bundle.ui-testing";
		};
/* End PBXNativeTarget section */

/* Begin PBXProject section */
		3DBBD1D01BC1F51200CBAF2C /* Project object */ = {
			isa = PBXProject;
			attributes = {
				LastSwiftUpdateCheck = 0700;
				LastUpgradeCheck = 0700;
				ORGANIZATIONNAME = "William Judd";
				TargetAttributes = {
					3DBBD1D71BC1F51200CBAF2C = {
						CreatedOnToolsVersion = 7.0;
						DevelopmentTeam = UBNC2NGRMQ;
					};
					3DBBD1EB1BC1F51200CBAF2C = {
						CreatedOnToolsVersion = 7.0;
						TestTargetID = 3DBBD1D71BC1F51200CBAF2C;
					};
					3DBBD1F61BC1F51200CBAF2C = {
						CreatedOnToolsVersion = 7.0;
						TestTargetID = 3DBBD1D71BC1F51200CBAF2C;
					};
				};
			};
			buildConfigurationList = 3DBBD1D31BC1F51200CBAF2C /* Build configuration list for PBXProject "NFL Superbowl Picks" */;
			compatibilityVersion = "Xcode 3.2";
			developmentRegion = English;
			hasScannedForEncodings = 0;
			knownRegions = (
				en,
				Base,
			);
			mainGroup = 3DBBD1CF1BC1F51200CBAF2C;
			productRefGroup = 3DBBD1D91BC1F51200CBAF2C /* Products */;
			projectDirPath = "";
			projectRoot = "";
			targets = (
				3DBBD1D71BC1F51200CBAF2C /* NFL Superbowl Picks */,
				3DBBD1EB1BC1F51200CBAF2C /* NFL Superbowl PicksTests */,
				3DBBD1F61BC1F51200CBAF2C /* NFL Superbowl PicksUITests */,
			);
		};
/* End PBXProject section */

/* Begin PBXResourcesBuildPhase section */
		3DBBD1D61BC1F51200CBAF2C /* Resources */ = {
			isa = PBXResourcesBuildPhase;
			buildActionMask = 2147483647;
			files = (
				3D3658511BCE28070035D18B /* Images.xcassets in Resources */,
				3D8CB3B31BCB40E9003A38DA /* Alert3.png in Resources */,
				3D3658541BCE28070035D18B /* Spring.xcconfig in Resources */,
				3D8CB3B91BCB4691003A38DA /* Alert5.png in Resources */,
				3D36585D1BCF34000035D18B /* Alert7.png in Resources */,
				3D36585C1BCF34000035D18B /* Alert1.png in Resources */,
				3D8CB3BB1BCB55E5003A38DA /* Email Alert.png in Resources */,
				3DBBD1E61BC1F51200CBAF2C /* LaunchScreen.storyboard in Resources */,
				3D3658581BCF2DBC0035D18B /* Alert2.png in Resources */,
				3DBBD1E31BC1F51200CBAF2C /* Assets.xcassets in Resources */,
				3D3658531BCE28070035D18B /* Info.plist in Resources */,
				3D3658521BCE28070035D18B /* LoadingView.xib in Resources */,
				3DBBD1E11BC1F51200CBAF2C /* Main.storyboard in Resources */,
				3D3658641BD05F4C0035D18B /* Alert8.png in Resources */,
				3D3658651BD05F4C0035D18B /* Alert9.png in Resources */,
				3D3658591BCF2DBC0035D18B /* Alert4.png in Resources */,
			);
			runOnlyForDeploymentPostprocessing = 0;
		};
		3DBBD1EA1BC1F51200CBAF2C /* Resources */ = {
			isa = PBXResourcesBuildPhase;
			buildActionMask = 2147483647;
			files = (
			);
			runOnlyForDeploymentPostprocessing = 0;
		};
		3DBBD1F51BC1F51200CBAF2C /* Resources */ = {
			isa = PBXResourcesBuildPhase;
			buildActionMask = 2147483647;
			files = (
			);
			runOnlyForDeploymentPostprocessing = 0;
		};
/* End PBXResourcesBuildPhase section */

/* Begin PBXShellScriptBuildPhase section */
		46218C207DE17EAB8482FC33 /* Embed Pods Frameworks */ = {
			isa = PBXShellScriptBuildPhase;
			buildActionMask = 2147483647;
			files = (
			);
			inputPaths = (
			);
			name = "Embed Pods Frameworks";
			outputPaths = (
			);
			runOnlyForDeploymentPostprocessing = 0;
			shellPath = /bin/sh;
			shellScript = "\"${SRCROOT}/Pods/Target Support Files/Pods/Pods-frameworks.sh\"\n";
			showEnvVarsInLog = 0;
		};
		8BEB0C15CED863D69A3F52E5 /* Copy Pods Resources */ = {
			isa = PBXShellScriptBuildPhase;
			buildActionMask = 2147483647;
			files = (
			);
			inputPaths = (
			);
			name = "Copy Pods Resources";
			outputPaths = (
			);
			runOnlyForDeploymentPostprocessing = 0;
			shellPath = /bin/sh;
			shellScript = "\"${SRCROOT}/Pods/Target Support Files/Pods/Pods-resources.sh\"\n";
			showEnvVarsInLog = 0;
		};
		F96E46ED295761396D62C3CD /* Check Pods Manifest.lock */ = {
			isa = PBXShellScriptBuildPhase;
			buildActionMask = 2147483647;
			files = (
			);
			inputPaths = (
			);
			name = "Check Pods Manifest.lock";
			outputPaths = (
			);
			runOnlyForDeploymentPostprocessing = 0;
			shellPath = /bin/sh;
			shellScript = "diff \"${PODS_ROOT}/../Podfile.lock\" \"${PODS_ROOT}/Manifest.lock\" > /dev/null\nif [[ $? != 0 ]] ; then\n    cat << EOM\nerror: The sandbox is not in sync with the Podfile.lock. Run 'pod install' or update your CocoaPods installation.\nEOM\n    exit 1\nfi\n";
			showEnvVarsInLog = 0;
		};
/* End PBXShellScriptBuildPhase section */

/* Begin PBXSourcesBuildPhase section */
		3DBBD1D41BC1F51200CBAF2C /* Sources */ = {
			isa = PBXSourcesBuildPhase;
			buildActionMask = 2147483647;
			files = (
				3DB1C2591BC2675900855B44 /* PickVerificationViewController.swift in Sources */,
				3D3658461BCE28070035D18B /* Spring.swift in Sources */,
				3DE3D51B1BC7122800BD0286 /* ScrollViewContainer.swift in Sources */,
				3D3658411BCE28070035D18B /* ImageLoader.swift in Sources */,
				3D3658431BCE28070035D18B /* LoadingView.swift in Sources */,
				3D3658481BCE28070035D18B /* SpringButton.swift in Sources */,
				3D36583D1BCE28070035D18B /* DesignableTabBarController.swift in Sources */,
				3D36584A1BCE28070035D18B /* SpringLabel.swift in Sources */,
				3D36583F1BCE28070035D18B /* DesignableTextView.swift in Sources */,
				3D36584F1BCE28070035D18B /* TransitionZoom.swift in Sources */,
				3DBBD2141BC1F7DF00CBAF2C /* KDCircularProgress.swift in Sources */,
				3D3658491BCE28070035D18B /* SpringImageView.swift in Sources */,
				3D3658371BCE28070035D18B /* AsyncImageView.swift in Sources */,
				3D36584B1BCE28070035D18B /* SpringTextField.swift in Sources */,
				3D36583E1BCE28070035D18B /* DesignableTextField.swift in Sources */,
				3D3658401BCE28070035D18B /* DesignableView.swift in Sources */,
				3D3658451BCE28070035D18B /* SoundPlayer.swift in Sources */,
				3DBBD20F1BC1F7C800CBAF2C /* SignUpViewController.swift in Sources */,
				3D3658391BCE28070035D18B /* BlurView.swift in Sources */,
				3D3658421BCE28070035D18B /* KeyboardLayoutConstraint.swift in Sources */,
				3D3658471BCE28070035D18B /* SpringAnimation.swift in Sources */,
				3D3658551BCE28070035D18B /* Spring-dummy.m in Sources */,
				3D3658441BCE28070035D18B /* Misc.swift in Sources */,
				3D36584E1BCE28070035D18B /* TransitionManager.swift in Sources */,
				3D36583B1BCE28070035D18B /* DesignableImageView.swift in Sources */,
				3D81C8F51B29DEC5001C8249 /* TimeoutViewController.swift in Sources */,
				3D3658361BCE28070035D18B /* AsyncButton.swift in Sources */,
				3D3658501BCE28070035D18B /* UnwindSegue.swift in Sources */,
				3DBBD2101BC1F7C800CBAF2C /* NFCPicksViewController.swift in Sources */,
				3D36584D1BCE28070035D18B /* SpringView.swift in Sources */,
				3D36583C1BCE28070035D18B /* DesignableLabel.swift in Sources */,
				3D3658381BCE28070035D18B /* AutoTextView.swift in Sources */,
				3D36584C1BCE28070035D18B /* SpringTextView.swift in Sources */,
				3D36583A1BCE28070035D18B /* DesignableButton.swift in Sources */,
				3DBBD2111BC1F7C800CBAF2C /* AFCPicksViewController.swift in Sources */,
				3DBBD20A1BC1F7BD00CBAF2C /* AppDelegate.swift in Sources */,
			);
			runOnlyForDeploymentPostprocessing = 0;
		};
		3DBBD1E81BC1F51200CBAF2C /* Sources */ = {
			isa = PBXSourcesBuildPhase;
			buildActionMask = 2147483647;
			files = (
				3DBBD1F11BC1F51200CBAF2C /* NFL_Superbowl_PicksTests.swift in Sources */,
			);
			runOnlyForDeploymentPostprocessing = 0;
		};
		3DBBD1F31BC1F51200CBAF2C /* Sources */ = {
			isa = PBXSourcesBuildPhase;
			buildActionMask = 2147483647;
			files = (
				3DBBD1FC1BC1F51200CBAF2C /* NFL_Superbowl_PicksUITests.swift in Sources */,
			);
			runOnlyForDeploymentPostprocessing = 0;
		};
/* End PBXSourcesBuildPhase section */

/* Begin PBXTargetDependency section */
		3DBBD1EE1BC1F51200CBAF2C /* PBXTargetDependency */ = {
			isa = PBXTargetDependency;
			target = 3DBBD1D71BC1F51200CBAF2C /* NFL Superbowl Picks */;
			targetProxy = 3DBBD1ED1BC1F51200CBAF2C /* PBXContainerItemProxy */;
		};
		3DBBD1F91BC1F51200CBAF2C /* PBXTargetDependency */ = {
			isa = PBXTargetDependency;
			target = 3DBBD1D71BC1F51200CBAF2C /* NFL Superbowl Picks */;
			targetProxy = 3DBBD1F81BC1F51200CBAF2C /* PBXContainerItemProxy */;
		};
/* End PBXTargetDependency section */

/* Begin PBXVariantGroup section */
		3DBBD1DF1BC1F51200CBAF2C /* Main.storyboard */ = {
			isa = PBXVariantGroup;
			children = (
				3DBBD1E01BC1F51200CBAF2C /* Base */,
			);
			name = Main.storyboard;
			sourceTree = "<group>";
		};
		3DBBD1E41BC1F51200CBAF2C /* LaunchScreen.storyboard */ = {
			isa = PBXVariantGroup;
			children = (
				3DBBD1E51BC1F51200CBAF2C /* Base */,
			);
			name = LaunchScreen.storyboard;
			sourceTree = "<group>";
		};
/* End PBXVariantGroup section */

/* Begin XCBuildConfiguration section */
		3DBBD1FE1BC1F51200CBAF2C /* Debug */ = {
			isa = XCBuildConfiguration;
			buildSettings = {
				ALWAYS_SEARCH_USER_PATHS = NO;
				CLANG_CXX_LANGUAGE_STANDARD = "gnu++0x";
				CLANG_CXX_LIBRARY = "libc++";
				CLANG_ENABLE_MODULES = YES;
				CLANG_ENABLE_OBJC_ARC = YES;
				CLANG_WARN_BOOL_CONVERSION = YES;
				CLANG_WARN_CONSTANT_CONVERSION = YES;
				CLANG_WARN_DIRECT_OBJC_ISA_USAGE = YES_ERROR;
				CLANG_WARN_EMPTY_BODY = YES;
				CLANG_WARN_ENUM_CONVERSION = YES;
				CLANG_WARN_INT_CONVERSION = YES;
				CLANG_WARN_OBJC_ROOT_CLASS = YES_ERROR;
				CLANG_WARN_UNREACHABLE_CODE = YES;
				CLANG_WARN__DUPLICATE_METHOD_MATCH = YES;
				"CODE_SIGN_IDENTITY[sdk=iphoneos*]" = "iPhone Developer";
				COPY_PHASE_STRIP = NO;
				DEBUG_INFORMATION_FORMAT = dwarf;
				ENABLE_STRICT_OBJC_MSGSEND = YES;
				ENABLE_TESTABILITY = YES;
				GCC_C_LANGUAGE_STANDARD = gnu99;
				GCC_DYNAMIC_NO_PIC = NO;
				GCC_NO_COMMON_BLOCKS = YES;
				GCC_OPTIMIZATION_LEVEL = 0;
				GCC_PREPROCESSOR_DEFINITIONS = (
					"DEBUG=1",
					"$(inherited)",
				);
				GCC_WARN_64_TO_32_BIT_CONVERSION = YES;
				GCC_WARN_ABOUT_RETURN_TYPE = YES_ERROR;
				GCC_WARN_UNDECLARED_SELECTOR = YES;
				GCC_WARN_UNINITIALIZED_AUTOS = YES_AGGRESSIVE;
				GCC_WARN_UNUSED_FUNCTION = YES;
				GCC_WARN_UNUSED_VARIABLE = YES;
				IPHONEOS_DEPLOYMENT_TARGET = 9.0;
				MTL_ENABLE_DEBUG_INFO = YES;
				ONLY_ACTIVE_ARCH = YES;
				SDKROOT = iphoneos;
				SWIFT_OPTIMIZATION_LEVEL = "-Onone";
				TARGETED_DEVICE_FAMILY = 2;
			};
			name = Debug;
		};
		3DBBD1FF1BC1F51200CBAF2C /* Release */ = {
			isa = XCBuildConfiguration;
			buildSettings = {
				ALWAYS_SEARCH_USER_PATHS = NO;
				CLANG_CXX_LANGUAGE_STANDARD = "gnu++0x";
				CLANG_CXX_LIBRARY = "libc++";
				CLANG_ENABLE_MODULES = YES;
				CLANG_ENABLE_OBJC_ARC = YES;
				CLANG_WARN_BOOL_CONVERSION = YES;
				CLANG_WARN_CONSTANT_CONVERSION = YES;
				CLANG_WARN_DIRECT_OBJC_ISA_USAGE = YES_ERROR;
				CLANG_WARN_EMPTY_BODY = YES;
				CLANG_WARN_ENUM_CONVERSION = YES;
				CLANG_WARN_INT_CONVERSION = YES;
				CLANG_WARN_OBJC_ROOT_CLASS = YES_ERROR;
				CLANG_WARN_UNREACHABLE_CODE = YES;
				CLANG_WARN__DUPLICATE_METHOD_MATCH = YES;
				"CODE_SIGN_IDENTITY[sdk=iphoneos*]" = "iPhone Developer";
				COPY_PHASE_STRIP = NO;
				DEBUG_INFORMATION_FORMAT = "dwarf-with-dsym";
				ENABLE_NS_ASSERTIONS = NO;
				ENABLE_STRICT_OBJC_MSGSEND = YES;
				GCC_C_LANGUAGE_STANDARD = gnu99;
				GCC_NO_COMMON_BLOCKS = YES;
				GCC_WARN_64_TO_32_BIT_CONVERSION = YES;
				GCC_WARN_ABOUT_RETURN_TYPE = YES_ERROR;
				GCC_WARN_UNDECLARED_SELECTOR = YES;
				GCC_WARN_UNINITIALIZED_AUTOS = YES_AGGRESSIVE;
				GCC_WARN_UNUSED_FUNCTION = YES;
				GCC_WARN_UNUSED_VARIABLE = YES;
				IPHONEOS_DEPLOYMENT_TARGET = 9.0;
				MTL_ENABLE_DEBUG_INFO = NO;
				SDKROOT = iphoneos;
				TARGETED_DEVICE_FAMILY = 2;
				VALIDATE_PRODUCT = YES;
			};
			name = Release;
		};
		3DBBD2011BC1F51200CBAF2C /* Debug */ = {
			isa = XCBuildConfiguration;
			baseConfigurationReference = 8A8A4BD2299BD3A4093389DC /* Pods.debug.xcconfig */;
			buildSettings = {
				ASSETCATALOG_COMPILER_APPICON_NAME = AppIcon;
				CLANG_ENABLE_MODULES = YES;
				CODE_SIGN_IDENTITY = "iPhone Developer";
				INFOPLIST_FILE = "NFL Superbowl Picks/Info.plist";
				IPHONEOS_DEPLOYMENT_TARGET = 8.4;
				LD_RUNPATH_SEARCH_PATHS = "$(inherited) @executable_path/Frameworks";
				LIBRARY_SEARCH_PATHS = (
					"$(inherited)",
					"$(SDKROOT)/usr/lib/system",
				);
				PRODUCT_BUNDLE_IDENTIFIER = "Think-Jinues.NFL-Superbowl-Picks";
				PRODUCT_NAME = "$(TARGET_NAME)";
				SWIFT_OBJC_BRIDGING_HEADER = "NFL Superbowl Picks/NFL Superbowl Picks-Bridging-Header.h";
				SWIFT_OPTIMIZATION_LEVEL = "-Onone";
				TARGETED_DEVICE_FAMILY = 2;
			};
			name = Debug;
		};
		3DBBD2021BC1F51200CBAF2C /* Release */ = {
			isa = XCBuildConfiguration;
			baseConfigurationReference = 96A8001B67D024F5377C5762 /* Pods.release.xcconfig */;
			buildSettings = {
				ASSETCATALOG_COMPILER_APPICON_NAME = AppIcon;
				CLANG_ENABLE_MODULES = YES;
				CODE_SIGN_IDENTITY = "iPhone Developer";
				INFOPLIST_FILE = "NFL Superbowl Picks/Info.plist";
				IPHONEOS_DEPLOYMENT_TARGET = 8.4;
				LD_RUNPATH_SEARCH_PATHS = "$(inherited) @executable_path/Frameworks";
				LIBRARY_SEARCH_PATHS = (
					"$(inherited)",
					"$(SDKROOT)/usr/lib/system",
				);
				PRODUCT_BUNDLE_IDENTIFIER = "Think-Jinues.NFL-Superbowl-Picks";
				PRODUCT_NAME = "$(TARGET_NAME)";
				SWIFT_OBJC_BRIDGING_HEADER = "NFL Superbowl Picks/NFL Superbowl Picks-Bridging-Header.h";
				TARGETED_DEVICE_FAMILY = 2;
			};
			name = Release;
		};
		3DBBD2041BC1F51200CBAF2C /* Debug */ = {
			isa = XCBuildConfiguration;
			buildSettings = {
				BUNDLE_LOADER = "$(TEST_HOST)";
				INFOPLIST_FILE = "NFL Superbowl PicksTests/Info.plist";
				LD_RUNPATH_SEARCH_PATHS = "$(inherited) @executable_path/Frameworks @loader_path/Frameworks";
				PRODUCT_BUNDLE_IDENTIFIER = "Think-Jinues.NFL-Superbowl-PicksTests";
				PRODUCT_NAME = "$(TARGET_NAME)";
				TEST_HOST = "$(BUILT_PRODUCTS_DIR)/NFL Superbowl Picks.app/NFL Superbowl Picks";
			};
			name = Debug;
		};
		3DBBD2051BC1F51200CBAF2C /* Release */ = {
			isa = XCBuildConfiguration;
			buildSettings = {
				BUNDLE_LOADER = "$(TEST_HOST)";
				INFOPLIST_FILE = "NFL Superbowl PicksTests/Info.plist";
				LD_RUNPATH_SEARCH_PATHS = "$(inherited) @executable_path/Frameworks @loader_path/Frameworks";
				PRODUCT_BUNDLE_IDENTIFIER = "Think-Jinues.NFL-Superbowl-PicksTests";
				PRODUCT_NAME = "$(TARGET_NAME)";
				TEST_HOST = "$(BUILT_PRODUCTS_DIR)/NFL Superbowl Picks.app/NFL Superbowl Picks";
			};
			name = Release;
		};
		3DBBD2071BC1F51200CBAF2C /* Debug */ = {
			isa = XCBuildConfiguration;
			buildSettings = {
				INFOPLIST_FILE = "NFL Superbowl PicksUITests/Info.plist";
				LD_RUNPATH_SEARCH_PATHS = "$(inherited) @executable_path/Frameworks @loader_path/Frameworks";
				PRODUCT_BUNDLE_IDENTIFIER = "Think-Jinues.NFL-Superbowl-PicksUITests";
				PRODUCT_NAME = "$(TARGET_NAME)";
				TEST_TARGET_NAME = "NFL Superbowl Picks";
				USES_XCTRUNNER = YES;
			};
			name = Debug;
		};
		3DBBD2081BC1F51200CBAF2C /* Release */ = {
			isa = XCBuildConfiguration;
			buildSettings = {
				INFOPLIST_FILE = "NFL Superbowl PicksUITests/Info.plist";
				LD_RUNPATH_SEARCH_PATHS = "$(inherited) @executable_path/Frameworks @loader_path/Frameworks";
				PRODUCT_BUNDLE_IDENTIFIER = "Think-Jinues.NFL-Superbowl-PicksUITests";
				PRODUCT_NAME = "$(TARGET_NAME)";
				TEST_TARGET_NAME = "NFL Superbowl Picks";
				USES_XCTRUNNER = YES;
			};
			name = Release;
		};
/* End XCBuildConfiguration section */

/* Begin XCConfigurationList section */
		3DBBD1D31BC1F51200CBAF2C /* Build configuration list for PBXProject "NFL Superbowl Picks" */ = {
			isa = XCConfigurationList;
			buildConfigurations = (
				3DBBD1FE1BC1F51200CBAF2C /* Debug */,
				3DBBD1FF1BC1F51200CBAF2C /* Release */,
			);
			defaultConfigurationIsVisible = 0;
			defaultConfigurationName = Release;
		};
		3DBBD2001BC1F51200CBAF2C /* Build configuration list for PBXNativeTarget "NFL Superbowl Picks" */ = {
			isa = XCConfigurationList;
			buildConfigurations = (
				3DBBD2011BC1F51200CBAF2C /* Debug */,
				3DBBD2021BC1F51200CBAF2C /* Release */,
			);
			defaultConfigurationIsVisible = 0;
			defaultConfigurationName = Release;
		};
		3DBBD2031BC1F51200CBAF2C /* Build configuration list for PBXNativeTarget "NFL Superbowl PicksTests" */ = {
			isa = XCConfigurationList;
			buildConfigurations = (
				3DBBD2041BC1F51200CBAF2C /* Debug */,
				3DBBD2051BC1F51200CBAF2C /* Release */,
			);
			defaultConfigurationIsVisible = 0;
			defaultConfigurationName = Release;
		};
		3DBBD2061BC1F51200CBAF2C /* Build configuration list for PBXNativeTarget "NFL Superbowl PicksUITests" */ = {
			isa = XCConfigurationList;
			buildConfigurations = (
				3DBBD2071BC1F51200CBAF2C /* Debug */,
				3DBBD2081BC1F51200CBAF2C /* Release */,
			);
			defaultConfigurationIsVisible = 0;
			defaultConfigurationName = Release;
		};
/* End XCConfigurationList section */
	};
	rootObject = 3DBBD1D01BC1F51200CBAF2C /* Project object */;
}
